
Microsoft Visual Studio Solution File, Format Version 12.00
# Visual Studio Version 17
VisualStudioVersion = 17.14.36408.4
MinimumVisualStudioVersion = 10.0.40219.1
Project("{FAE04EC0-301F-11D3-BF4B-00C04F79EFBC}") = "JokeanIntento1", "JokeanIntento1\JokeanIntento1.csproj", "{27E3E285-1C1E-4395-B1C3-C9965AD9F422}"
EndProject
Global
	GlobalSection(SolutionConfigurationPlatforms) = preSolution
		Debug|Any CPU = Debug|Any CPU
		Release|Any CPU = Release|Any CPU
	EndGlobalSection
	GlobalSection(ProjectConfigurationPlatforms) = postSolution
		{27E3E285-1C1E-4395-B1C3-C9965AD9F422}.Debug|Any CPU.ActiveCfg = Debug|Any CPU
		{27E3E285-1C1E-4395-B1C3-C9965AD9F422}.Debug|Any CPU.Build.0 = Debug|Any CPU
		{27E3E285-1C1E-4395-B1C3-C9965AD9F422}.Release|Any CPU.ActiveCfg = Release|Any CPU
		{27E3E285-1C1E-4395-B1C3-C9965AD9F422}.Release|Any CPU.Build.0 = Release|Any CPU
	EndGlobalSection
	GlobalSection(SolutionProperties) = preSolution
		HideSolutionNode = FALSE
	EndGlobalSection
	GlobalSection(ExtensibilityGlobals) = postSolution
		SolutionGuid = {2DAF3C8B-20A1-47CA-BF88-571300386B00}
	EndGlobalSection
EndGlobal
